// !$*UTF8*$!
{
	archiveVersion = 1;
	classes = {
	};
	objectVersion = 56;
	objects = {

/* Begin PBXBuildFile section */
		A24A2BC429851AC8000D4868 /* CircularView.swift in Sources */ = {isa = PBXBuildFile; fileRef = A24A2BC329851AC8000D4868 /* CircularView.swift */; };
		A24A2BC829851B46000D4868 /* AQIColor.swift in Sources */ = {isa = PBXBuildFile; fileRef = A24A2BC529851B46000D4868 /* AQIColor.swift */; };
		A24A2BC929851B46000D4868 /* GasPmColors.swift in Sources */ = {isa = PBXBuildFile; fileRef = A24A2BC629851B46000D4868 /* GasPmColors.swift */; };
		A24A2BCA29851B46000D4868 /* HumidityTemperatureColor.swift in Sources */ = {isa = PBXBuildFile; fileRef = A24A2BC729851B46000D4868 /* HumidityTemperatureColor.swift */; };
		A24A2BD129851B65000D4868 /* AQILevels.swift in Sources */ = {isa = PBXBuildFile; fileRef = A24A2BCB29851B64000D4868 /* AQILevels.swift */; };
		A24A2BD229851B65000D4868 /* VocLevel.swift in Sources */ = {isa = PBXBuildFile; fileRef = A24A2BCC29851B64000D4868 /* VocLevel.swift */; };
		A24A2BD329851B65000D4868 /* Co2Level.swift in Sources */ = {isa = PBXBuildFile; fileRef = A24A2BCD29851B64000D4868 /* Co2Level.swift */; };
		A24A2BD429851B65000D4868 /* PmLevel.swift in Sources */ = {isa = PBXBuildFile; fileRef = A24A2BCE29851B64000D4868 /* PmLevel.swift */; };
		A24A2BD529851B65000D4868 /* HumidityLevel.swift in Sources */ = {isa = PBXBuildFile; fileRef = A24A2BCF29851B64000D4868 /* HumidityLevel.swift */; };
		A24A2BD629851B65000D4868 /* TemperatureLevel.swift in Sources */ = {isa = PBXBuildFile; fileRef = A24A2BD029851B64000D4868 /* TemperatureLevel.swift */; };
		A24A2BD929851B85000D4868 /* TempHumidityLevels.swift in Sources */ = {isa = PBXBuildFile; fileRef = A24A2BD729851B85000D4868 /* TempHumidityLevels.swift */; };
		A24A2BDA29851B85000D4868 /* PmGasLevels.swift in Sources */ = {isa = PBXBuildFile; fileRef = A24A2BD829851B85000D4868 /* PmGasLevels.swift */; };
		A24A2BDC29851BBC000D4868 /* GasPmValuesView.swift in Sources */ = {isa = PBXBuildFile; fileRef = A24A2BDB29851BBC000D4868 /* GasPmValuesView.swift */; };
		A282E09C298435EC00AEEC69 /* Preview Assets.xcassets in Resources */ = {isa = PBXBuildFile; fileRef = A282E09B298435EC00AEEC69 /* Preview Assets.xcassets */; };
		A282E0A32984366100AEEC69 /* Assets.xcassets in Resources */ = {isa = PBXBuildFile; fileRef = A282E0A22984366100AEEC69 /* Assets.xcassets */; };
		A282E0A72984367400AEEC69 /* GoogleService-Info.plist in Resources */ = {isa = PBXBuildFile; fileRef = A282E0A62984367400AEEC69 /* GoogleService-Info.plist */; };
		A282E0AB2984382300AEEC69 /* Air_quality_monitorApp.swift in Sources */ = {isa = PBXBuildFile; fileRef = A282E0AA2984382300AEEC69 /* Air_quality_monitorApp.swift */; };
		A282E0AE29843D6800AEEC69 /* FirebaseAuth in Frameworks */ = {isa = PBXBuildFile; productRef = A282E0AD29843D6800AEEC69 /* FirebaseAuth */; };
		A282E0B029843D6800AEEC69 /* FirebaseAuthCombine-Community in Frameworks */ = {isa = PBXBuildFile; productRef = A282E0AF29843D6800AEEC69 /* FirebaseAuthCombine-Community */; };
		A282E0B229843D6800AEEC69 /* FirebaseDatabase in Frameworks */ = {isa = PBXBuildFile; productRef = A282E0B129843D6800AEEC69 /* FirebaseDatabase */; };
		A282E0B429843D6800AEEC69 /* FirebaseDatabaseSwift in Frameworks */ = {isa = PBXBuildFile; productRef = A282E0B329843D6800AEEC69 /* FirebaseDatabaseSwift */; };
		A282E0B629843D6800AEEC69 /* FirebaseFirestore in Frameworks */ = {isa = PBXBuildFile; productRef = A282E0B529843D6800AEEC69 /* FirebaseFirestore */; };
		A282E0B829843D6800AEEC69 /* FirebaseFirestoreSwift in Frameworks */ = {isa = PBXBuildFile; productRef = A282E0B729843D6800AEEC69 /* FirebaseFirestoreSwift */; };
		A291B443298440B400322E32 /* SignUp.swift in Sources */ = {isa = PBXBuildFile; fileRef = A291B431298440B400322E32 /* SignUp.swift */; };
		A291B444298440B400322E32 /* AQIView.swift in Sources */ = {isa = PBXBuildFile; fileRef = A291B417298440B400322E32 /* AQIView.swift */; };
		A291B446298440B400322E32 /* DashboardInteractor.swift in Sources */ = {isa = PBXBuildFile; fileRef = A291B41F298440B400322E32 /* DashboardInteractor.swift */; };
		A291B44C2984416100322E32 /* SessionManager.swift in Sources */ = {isa = PBXBuildFile; fileRef = A291B44B2984416100322E32 /* SessionManager.swift */; };
		A291B450298441F400322E32 /* HeaderView.swift in Sources */ = {isa = PBXBuildFile; fileRef = A291B44F298441F400322E32 /* HeaderView.swift */; };
		A291B453298441F900322E32 /* ViewRouter.swift in Sources */ = {isa = PBXBuildFile; fileRef = A291B452298441F900322E32 /* ViewRouter.swift */; };
		A291B454298441F900322E32 /* ValueInformation.swift in Sources */ = {isa = PBXBuildFile; fileRef = A291B451298441F900322E32 /* ValueInformation.swift */; };
		A291B4912984424C00322E32 /* DeleteAccountErrorMessage.swift in Sources */ = {isa = PBXBuildFile; fileRef = A291B48B2984424C00322E32 /* DeleteAccountErrorMessage.swift */; };
		A291B4922984424C00322E32 /* UserSettingsViewModel.swift in Sources */ = {isa = PBXBuildFile; fileRef = A291B48C2984424C00322E32 /* UserSettingsViewModel.swift */; };
		A291B4932984424C00322E32 /* ChangePasswordView.swift in Sources */ = {isa = PBXBuildFile; fileRef = A291B48D2984424C00322E32 /* ChangePasswordView.swift */; };
		A291B4942984424C00322E32 /* DeleteAccountView.swift in Sources */ = {isa = PBXBuildFile; fileRef = A291B48E2984424C00322E32 /* DeleteAccountView.swift */; };
		A291B4952984424C00322E32 /* PasswordResetErrorMessageView.swift in Sources */ = {isa = PBXBuildFile; fileRef = A291B48F2984424C00322E32 /* PasswordResetErrorMessageView.swift */; };
		A291B4962984424C00322E32 /* UserSettingsInteractor.swift in Sources */ = {isa = PBXBuildFile; fileRef = A291B4902984424C00322E32 /* UserSettingsInteractor.swift */; };
		A291B4982984425900322E32 /* SettingsView.swift in Sources */ = {isa = PBXBuildFile; fileRef = A291B4972984425900322E32 /* SettingsView.swift */; };
		A291B49D2984426400322E32 /* UserSettingsView.swift in Sources */ = {isa = PBXBuildFile; fileRef = A291B4992984426400322E32 /* UserSettingsView.swift */; };
		A291B49E2984426400322E32 /* AppInfoView.swift in Sources */ = {isa = PBXBuildFile; fileRef = A291B49A2984426400322E32 /* AppInfoView.swift */; };
		A291B49F2984426400322E32 /* SettingsButton.swift in Sources */ = {isa = PBXBuildFile; fileRef = A291B49B2984426400322E32 /* SettingsButton.swift */; };
		A291B4A02984426400322E32 /* DashboardSettingsView.swift in Sources */ = {isa = PBXBuildFile; fileRef = A291B49C2984426400322E32 /* DashboardSettingsView.swift */; };
		A291B4A3298515DB00322E32 /* Models in Frameworks */ = {isa = PBXBuildFile; productRef = A291B4A2298515DB00322E32 /* Models */; };
		A291B4A5298515DE00322E32 /* Networking in Frameworks */ = {isa = PBXBuildFile; productRef = A291B4A4298515DE00322E32 /* Networking */; };
		A291B4A7298515E200322E32 /* UIComponents in Frameworks */ = {isa = PBXBuildFile; productRef = A291B4A6298515E200322E32 /* UIComponents */; };
		A291B4A92985165B00322E32 /* DashboardView.swift in Sources */ = {isa = PBXBuildFile; fileRef = A291B4A82985165B00322E32 /* DashboardView.swift */; };
		A291B4BD298519A000322E32 /* WeatherValuesView.swift in Sources */ = {isa = PBXBuildFile; fileRef = A291B4BC298519A000322E32 /* WeatherValuesView.swift */; };
		A291B4BF298519D400322E32 /* ContentView.swift in Sources */ = {isa = PBXBuildFile; fileRef = A291B4BE298519D400322E32 /* ContentView.swift */; };
		A291B4C129851A0900322E32 /* SignUpView.swift in Sources */ = {isa = PBXBuildFile; fileRef = A291B4C029851A0900322E32 /* SignUpView.swift */; };
		A291B4C429851A1700322E32 /* PasswordResetView.swift in Sources */ = {isa = PBXBuildFile; fileRef = A291B4C229851A1700322E32 /* PasswordResetView.swift */; };
		A291B4C529851A1700322E32 /* SessionManager.swift in Sources */ = {isa = PBXBuildFile; fileRef = A291B4C329851A1700322E32 /* SessionManager.swift */; };
		A291B4C729851A2100322E32 /* SignInView.swift in Sources */ = {isa = PBXBuildFile; fileRef = A291B4C629851A2100322E32 /* SignInView.swift */; };
		A2C2CDB129852BAE00EFAD1C /* LoadingView.swift in Sources */ = {isa = PBXBuildFile; fileRef = A2C2CDB029852BAE00EFAD1C /* LoadingView.swift */; };
		A2C2CDB329852C2400EFAD1C /* SettingsViewModel.swift in Sources */ = {isa = PBXBuildFile; fileRef = A2C2CDB229852C2400EFAD1C /* SettingsViewModel.swift */; };
		A2C2CDB529852CC800EFAD1C /* DashboardViewModel.swift in Sources */ = {isa = PBXBuildFile; fileRef = A2C2CDB429852CC700EFAD1C /* DashboardViewModel.swift */; };
		A2C2CDB829852D5B00EFAD1C /* VerifyEmailView.swift in Sources */ = {isa = PBXBuildFile; fileRef = A2C2CDB629852D5B00EFAD1C /* VerifyEmailView.swift */; };
		A2C2CDB929852D5B00EFAD1C /* PasswordResetViewModel.swift in Sources */ = {isa = PBXBuildFile; fileRef = A2C2CDB729852D5B00EFAD1C /* PasswordResetViewModel.swift */; };
		A2C2CDC129852DEE00EFAD1C /* LogoView.swift in Sources */ = {isa = PBXBuildFile; fileRef = A2C2CDBA29852DEE00EFAD1C /* LogoView.swift */; };
		A2C2CDC229852DEE00EFAD1C /* BackToLoginButton.swift in Sources */ = {isa = PBXBuildFile; fileRef = A2C2CDBB29852DEE00EFAD1C /* BackToLoginButton.swift */; };
		A2C2CDC329852DEE00EFAD1C /* PasswordResetButton.swift in Sources */ = {isa = PBXBuildFile; fileRef = A2C2CDBC29852DEE00EFAD1C /* PasswordResetButton.swift */; };
		A2C2CDC429852DEE00EFAD1C /* GoToSignUpView.swift in Sources */ = {isa = PBXBuildFile; fileRef = A2C2CDBD29852DEE00EFAD1C /* GoToSignUpView.swift */; };
		A2C2CDC529852DEE00EFAD1C /* ActionButton.swift in Sources */ = {isa = PBXBuildFile; fileRef = A2C2CDBE29852DEE00EFAD1C /* ActionButton.swift */; };
		A2C2CDC629852DEE00EFAD1C /* PasswordFieldView.swift in Sources */ = {isa = PBXBuildFile; fileRef = A2C2CDBF29852DEE00EFAD1C /* PasswordFieldView.swift */; };
		A2C2CDC729852DEE00EFAD1C /* EmailFieldView.swift in Sources */ = {isa = PBXBuildFile; fileRef = A2C2CDC029852DEE00EFAD1C /* EmailFieldView.swift */; };
/* End PBXBuildFile section */

/* Begin PBXFileReference section */
		A24A2BC329851AC8000D4868 /* CircularView.swift */ = {isa = PBXFileReference; fileEncoding = 4; lastKnownFileType = sourcecode.swift; path = CircularView.swift; sourceTree = "<group>"; };
		A24A2BC529851B46000D4868 /* AQIColor.swift */ = {isa = PBXFileReference; fileEncoding = 4; lastKnownFileType = sourcecode.swift; path = AQIColor.swift; sourceTree = "<group>"; };
		A24A2BC629851B46000D4868 /* GasPmColors.swift */ = {isa = PBXFileReference; fileEncoding = 4; lastKnownFileType = sourcecode.swift; path = GasPmColors.swift; sourceTree = "<group>"; };
		A24A2BC729851B46000D4868 /* HumidityTemperatureColor.swift */ = {isa = PBXFileReference; fileEncoding = 4; lastKnownFileType = sourcecode.swift; path = HumidityTemperatureColor.swift; sourceTree = "<group>"; };
		A24A2BCB29851B64000D4868 /* AQILevels.swift */ = {isa = PBXFileReference; fileEncoding = 4; lastKnownFileType = sourcecode.swift; path = AQILevels.swift; sourceTree = "<group>"; };
		A24A2BCC29851B64000D4868 /* VocLevel.swift */ = {isa = PBXFileReference; fileEncoding = 4; lastKnownFileType = sourcecode.swift; path = VocLevel.swift; sourceTree = "<group>"; };
		A24A2BCD29851B64000D4868 /* Co2Level.swift */ = {isa = PBXFileReference; fileEncoding = 4; lastKnownFileType = sourcecode.swift; path = Co2Level.swift; sourceTree = "<group>"; };
		A24A2BCE29851B64000D4868 /* PmLevel.swift */ = {isa = PBXFileReference; fileEncoding = 4; lastKnownFileType = sourcecode.swift; path = PmLevel.swift; sourceTree = "<group>"; };
		A24A2BCF29851B64000D4868 /* HumidityLevel.swift */ = {isa = PBXFileReference; fileEncoding = 4; lastKnownFileType = sourcecode.swift; path = HumidityLevel.swift; sourceTree = "<group>"; };
		A24A2BD029851B64000D4868 /* TemperatureLevel.swift */ = {isa = PBXFileReference; fileEncoding = 4; lastKnownFileType = sourcecode.swift; path = TemperatureLevel.swift; sourceTree = "<group>"; };
		A24A2BD729851B85000D4868 /* TempHumidityLevels.swift */ = {isa = PBXFileReference; fileEncoding = 4; lastKnownFileType = sourcecode.swift; path = TempHumidityLevels.swift; sourceTree = "<group>"; };
		A24A2BD829851B85000D4868 /* PmGasLevels.swift */ = {isa = PBXFileReference; fileEncoding = 4; lastKnownFileType = sourcecode.swift; path = PmGasLevels.swift; sourceTree = "<group>"; };
		A24A2BDB29851BBC000D4868 /* GasPmValuesView.swift */ = {isa = PBXFileReference; fileEncoding = 4; lastKnownFileType = sourcecode.swift; path = GasPmValuesView.swift; sourceTree = "<group>"; };
		A282E090298435EB00AEEC69 /* Air-quality-monitor.app */ = {isa = PBXFileReference; explicitFileType = wrapper.application; includeInIndex = 0; path = "Air-quality-monitor.app"; sourceTree = BUILT_PRODUCTS_DIR; };
		A282E099298435EC00AEEC69 /* Air_quality_monitor.entitlements */ = {isa = PBXFileReference; lastKnownFileType = text.plist.entitlements; path = Air_quality_monitor.entitlements; sourceTree = "<group>"; };
		A282E09B298435EC00AEEC69 /* Preview Assets.xcassets */ = {isa = PBXFileReference; lastKnownFileType = folder.assetcatalog; path = "Preview Assets.xcassets"; sourceTree = "<group>"; };
		A282E0A22984366100AEEC69 /* Assets.xcassets */ = {isa = PBXFileReference; lastKnownFileType = folder.assetcatalog; path = Assets.xcassets; sourceTree = "<group>"; };
		A282E0A62984367400AEEC69 /* GoogleService-Info.plist */ = {isa = PBXFileReference; fileEncoding = 4; lastKnownFileType = text.plist.xml; path = "GoogleService-Info.plist"; sourceTree = "<group>"; };
		A282E0AA2984382300AEEC69 /* Air_quality_monitorApp.swift */ = {isa = PBXFileReference; lastKnownFileType = sourcecode.swift; path = Air_quality_monitorApp.swift; sourceTree = "<group>"; };
		A282E0B929843D8900AEEC69 /* Networking */ = {isa = PBXFileReference; lastKnownFileType = wrapper; path = Networking; sourceTree = "<group>"; };
		A282E0BD29843E2300AEEC69 /* Models */ = {isa = PBXFileReference; lastKnownFileType = wrapper; path = Models; sourceTree = "<group>"; };
		A282E0BE29843E5A00AEEC69 /* UIComponents */ = {isa = PBXFileReference; lastKnownFileType = wrapper; path = UIComponents; sourceTree = "<group>"; };
		A291B417298440B400322E32 /* AQIView.swift */ = {isa = PBXFileReference; lastKnownFileType = sourcecode.swift; path = AQIView.swift; sourceTree = "<group>"; };
		A291B41F298440B400322E32 /* DashboardInteractor.swift */ = {isa = PBXFileReference; lastKnownFileType = sourcecode.swift; path = DashboardInteractor.swift; sourceTree = "<group>"; };
		A291B428298440B400322E32 /* DashboardView.swift */ = {isa = PBXFileReference; lastKnownFileType = sourcecode.swift; path = DashboardView.swift; sourceTree = "<group>"; };
		A291B431298440B400322E32 /* SignUp.swift */ = {isa = PBXFileReference; lastKnownFileType = sourcecode.swift; path = SignUp.swift; sourceTree = "<group>"; };
		A291B44B2984416100322E32 /* SessionManager.swift */ = {isa = PBXFileReference; fileEncoding = 4; lastKnownFileType = sourcecode.swift; path = SessionManager.swift; sourceTree = "<group>"; };
		A291B44F298441F400322E32 /* HeaderView.swift */ = {isa = PBXFileReference; lastKnownFileType = sourcecode.swift; path = HeaderView.swift; sourceTree = "<group>"; };
		A291B451298441F900322E32 /* ValueInformation.swift */ = {isa = PBXFileReference; lastKnownFileType = sourcecode.swift; path = ValueInformation.swift; sourceTree = "<group>"; };
		A291B452298441F900322E32 /* ViewRouter.swift */ = {isa = PBXFileReference; lastKnownFileType = sourcecode.swift; path = ViewRouter.swift; sourceTree = "<group>"; };
		A291B48B2984424C00322E32 /* DeleteAccountErrorMessage.swift */ = {isa = PBXFileReference; fileEncoding = 4; lastKnownFileType = sourcecode.swift; name = DeleteAccountErrorMessage.swift; path = "Air-quality-monitor/Settings/UserSettings/DeleteAccountErrorMessage.swift"; sourceTree = SOURCE_ROOT; };
		A291B48C2984424C00322E32 /* UserSettingsViewModel.swift */ = {isa = PBXFileReference; fileEncoding = 4; lastKnownFileType = sourcecode.swift; name = UserSettingsViewModel.swift; path = "Air-quality-monitor/Settings/UserSettings/UserSettingsViewModel.swift"; sourceTree = SOURCE_ROOT; };
		A291B48D2984424C00322E32 /* ChangePasswordView.swift */ = {isa = PBXFileReference; fileEncoding = 4; lastKnownFileType = sourcecode.swift; name = ChangePasswordView.swift; path = "Air-quality-monitor/Settings/UserSettings/ChangePasswordView.swift"; sourceTree = SOURCE_ROOT; };
		A291B48E2984424C00322E32 /* DeleteAccountView.swift */ = {isa = PBXFileReference; fileEncoding = 4; lastKnownFileType = sourcecode.swift; name = DeleteAccountView.swift; path = "Air-quality-monitor/Settings/UserSettings/DeleteAccountView.swift"; sourceTree = SOURCE_ROOT; };
		A291B48F2984424C00322E32 /* PasswordResetErrorMessageView.swift */ = {isa = PBXFileReference; fileEncoding = 4; lastKnownFileType = sourcecode.swift; name = PasswordResetErrorMessageView.swift; path = "Air-quality-monitor/Settings/UserSettings/PasswordResetErrorMessageView.swift"; sourceTree = SOURCE_ROOT; };
		A291B4902984424C00322E32 /* UserSettingsInteractor.swift */ = {isa = PBXFileReference; fileEncoding = 4; lastKnownFileType = sourcecode.swift; name = UserSettingsInteractor.swift; path = "Air-quality-monitor/Settings/UserSettings/UserSettingsInteractor.swift"; sourceTree = SOURCE_ROOT; };
		A291B4972984425900322E32 /* SettingsView.swift */ = {isa = PBXFileReference; fileEncoding = 4; lastKnownFileType = sourcecode.swift; name = SettingsView.swift; path = "Air-quality-monitor/Settings/Views/SettingsView.swift"; sourceTree = SOURCE_ROOT; };
		A291B4992984426400322E32 /* UserSettingsView.swift */ = {isa = PBXFileReference; fileEncoding = 4; lastKnownFileType = sourcecode.swift; name = UserSettingsView.swift; path = "Air-quality-monitor/Settings/Views/Subviews/UserSettingsView.swift"; sourceTree = SOURCE_ROOT; };
		A291B49A2984426400322E32 /* AppInfoView.swift */ = {isa = PBXFileReference; fileEncoding = 4; lastKnownFileType = sourcecode.swift; name = AppInfoView.swift; path = "Air-quality-monitor/Settings/Views/Subviews/AppInfoView.swift"; sourceTree = SOURCE_ROOT; };
		A291B49B2984426400322E32 /* SettingsButton.swift */ = {isa = PBXFileReference; fileEncoding = 4; lastKnownFileType = sourcecode.swift; name = SettingsButton.swift; path = "Air-quality-monitor/Settings/Views/Subviews/SettingsButton.swift"; sourceTree = SOURCE_ROOT; };
		A291B49C2984426400322E32 /* DashboardSettingsView.swift */ = {isa = PBXFileReference; fileEncoding = 4; lastKnownFileType = sourcecode.swift; name = DashboardSettingsView.swift; path = "Air-quality-monitor/Settings/Views/Subviews/DashboardSettingsView.swift"; sourceTree = SOURCE_ROOT; };
		A291B4A82985165B00322E32 /* DashboardView.swift */ = {isa = PBXFileReference; fileEncoding = 4; lastKnownFileType = sourcecode.swift; path = DashboardView.swift; sourceTree = "<group>"; };
		A291B4BC298519A000322E32 /* WeatherValuesView.swift */ = {isa = PBXFileReference; fileEncoding = 4; lastKnownFileType = sourcecode.swift; path = WeatherValuesView.swift; sourceTree = "<group>"; };
		A291B4BE298519D400322E32 /* ContentView.swift */ = {isa = PBXFileReference; fileEncoding = 4; lastKnownFileType = sourcecode.swift; path = ContentView.swift; sourceTree = "<group>"; };
		A291B4C029851A0900322E32 /* SignUpView.swift */ = {isa = PBXFileReference; fileEncoding = 4; lastKnownFileType = sourcecode.swift; path = SignUpView.swift; sourceTree = "<group>"; };
		A291B4C229851A1700322E32 /* PasswordResetView.swift */ = {isa = PBXFileReference; fileEncoding = 4; lastKnownFileType = sourcecode.swift; path = PasswordResetView.swift; sourceTree = "<group>"; };
		A291B4C329851A1700322E32 /* SessionManager.swift */ = {isa = PBXFileReference; fileEncoding = 4; lastKnownFileType = sourcecode.swift; path = SessionManager.swift; sourceTree = "<group>"; };
		A291B4C629851A2100322E32 /* SignInView.swift */ = {isa = PBXFileReference; fileEncoding = 4; lastKnownFileType = sourcecode.swift; path = SignInView.swift; sourceTree = "<group>"; };
		A2C2CDB029852BAE00EFAD1C /* LoadingView.swift */ = {isa = PBXFileReference; fileEncoding = 4; lastKnownFileType = sourcecode.swift; path = LoadingView.swift; sourceTree = "<group>"; };
		A2C2CDB229852C2400EFAD1C /* SettingsViewModel.swift */ = {isa = PBXFileReference; fileEncoding = 4; lastKnownFileType = sourcecode.swift; name = SettingsViewModel.swift; path = "Air-quality-monitor/Settings/SettingsViewModel.swift"; sourceTree = SOURCE_ROOT; };
		A2C2CDB429852CC700EFAD1C /* DashboardViewModel.swift */ = {isa = PBXFileReference; fileEncoding = 4; lastKnownFileType = sourcecode.swift; path = DashboardViewModel.swift; sourceTree = "<group>"; };
		A2C2CDB629852D5B00EFAD1C /* VerifyEmailView.swift */ = {isa = PBXFileReference; fileEncoding = 4; lastKnownFileType = sourcecode.swift; path = VerifyEmailView.swift; sourceTree = "<group>"; };
		A2C2CDB729852D5B00EFAD1C /* PasswordResetViewModel.swift */ = {isa = PBXFileReference; fileEncoding = 4; lastKnownFileType = sourcecode.swift; path = PasswordResetViewModel.swift; sourceTree = "<group>"; };
		A2C2CDBA29852DEE00EFAD1C /* LogoView.swift */ = {isa = PBXFileReference; fileEncoding = 4; lastKnownFileType = sourcecode.swift; name = LogoView.swift; path = "Air-quality-monitor/Authentication/SignIn-UpElements/LogoView.swift"; sourceTree = SOURCE_ROOT; };
		A2C2CDBB29852DEE00EFAD1C /* BackToLoginButton.swift */ = {isa = PBXFileReference; fileEncoding = 4; lastKnownFileType = sourcecode.swift; name = BackToLoginButton.swift; path = "Air-quality-monitor/Authentication/SignIn-UpElements/BackToLoginButton.swift"; sourceTree = SOURCE_ROOT; };
		A2C2CDBC29852DEE00EFAD1C /* PasswordResetButton.swift */ = {isa = PBXFileReference; fileEncoding = 4; lastKnownFileType = sourcecode.swift; name = PasswordResetButton.swift; path = "Air-quality-monitor/Authentication/SignIn-UpElements/PasswordResetButton.swift"; sourceTree = SOURCE_ROOT; };
		A2C2CDBD29852DEE00EFAD1C /* GoToSignUpView.swift */ = {isa = PBXFileReference; fileEncoding = 4; lastKnownFileType = sourcecode.swift; name = GoToSignUpView.swift; path = "Air-quality-monitor/Authentication/SignIn-UpElements/GoToSignUpView.swift"; sourceTree = SOURCE_ROOT; };
		A2C2CDBE29852DEE00EFAD1C /* ActionButton.swift */ = {isa = PBXFileReference; fileEncoding = 4; lastKnownFileType = sourcecode.swift; name = ActionButton.swift; path = "Air-quality-monitor/Authentication/SignIn-UpElements/ActionButton.swift"; sourceTree = SOURCE_ROOT; };
		A2C2CDBF29852DEE00EFAD1C /* PasswordFieldView.swift */ = {isa = PBXFileReference; fileEncoding = 4; lastKnownFileType = sourcecode.swift; name = PasswordFieldView.swift; path = "Air-quality-monitor/Authentication/SignIn-UpElements/PasswordFieldView.swift"; sourceTree = SOURCE_ROOT; };
		A2C2CDC029852DEE00EFAD1C /* EmailFieldView.swift */ = {isa = PBXFileReference; fileEncoding = 4; lastKnownFileType = sourcecode.swift; name = EmailFieldView.swift; path = "Air-quality-monitor/Authentication/SignIn-UpElements/EmailFieldView.swift"; sourceTree = SOURCE_ROOT; };
/* End PBXFileReference section */

/* Begin PBXFrameworksBuildPhase section */
		A282E08D298435EB00AEEC69 /* Frameworks */ = {
			isa = PBXFrameworksBuildPhase;
			buildActionMask = 2147483647;
			files = (
				A282E0B429843D6800AEEC69 /* FirebaseDatabaseSwift in Frameworks */,
				A282E0B229843D6800AEEC69 /* FirebaseDatabase in Frameworks */,
				A291B4A5298515DE00322E32 /* Networking in Frameworks */,
				A282E0AE29843D6800AEEC69 /* FirebaseAuth in Frameworks */,
				A282E0B629843D6800AEEC69 /* FirebaseFirestore in Frameworks */,
				A282E0B029843D6800AEEC69 /* FirebaseAuthCombine-Community in Frameworks */,
				A291B4A7298515E200322E32 /* UIComponents in Frameworks */,
				A291B4A3298515DB00322E32 /* Models in Frameworks */,
				A282E0B829843D6800AEEC69 /* FirebaseFirestoreSwift in Frameworks */,
			);
			runOnlyForDeploymentPostprocessing = 0;
		};
/* End PBXFrameworksBuildPhase section */

/* Begin PBXGroup section */
		A282E087298435EB00AEEC69 = {
			isa = PBXGroup;
			children = (
				A282E092298435EB00AEEC69 /* Air-quality-monitor */,
				A282E091298435EB00AEEC69 /* Products */,
				A291B4A1298515DB00322E32 /* Frameworks */,
			);
			sourceTree = "<group>";
		};
		A282E091298435EB00AEEC69 /* Products */ = {
			isa = PBXGroup;
			children = (
				A282E090298435EB00AEEC69 /* Air-quality-monitor.app */,
			);
			name = Products;
			sourceTree = "<group>";
		};
		A282E092298435EB00AEEC69 /* Air-quality-monitor */ = {
			isa = PBXGroup;
			children = (
				A282E0BE29843E5A00AEEC69 /* UIComponents */,
				A282E0BD29843E2300AEEC69 /* Models */,
				A282E0B929843D8900AEEC69 /* Networking */,
				A282E0A62984367400AEEC69 /* GoogleService-Info.plist */,
				A282E0AA2984382300AEEC69 /* Air_quality_monitorApp.swift */,
				A291B436298440B400322E32 /* Authentication */,
				A291B4BE298519D400322E32 /* ContentView.swift */,
				A291B44F298441F400322E32 /* HeaderView.swift */,
				A291B421298440B400322E32 /* Dashboard */,
				A291B418298440B400322E32 /* LevelsData */,
				A291B4592984420600322E32 /* Settings */,
				A291B452298441F900322E32 /* ViewRouter.swift */,
				A291B455298441FB00322E32 /* PopupViews */,
				A282E0A22984366100AEEC69 /* Assets.xcassets */,
				A282E099298435EC00AEEC69 /* Air_quality_monitor.entitlements */,
				A282E09A298435EC00AEEC69 /* Preview Content */,
			);
			path = "Air-quality-monitor";
			sourceTree = "<group>";
		};
		A282E09A298435EC00AEEC69 /* Preview Content */ = {
			isa = PBXGroup;
			children = (
				A282E09B298435EC00AEEC69 /* Preview Assets.xcassets */,
			);
			path = "Preview Content";
			sourceTree = "<group>";
		};
		A291B418298440B400322E32 /* LevelsData */ = {
			isa = PBXGroup;
			children = (
				A24A2BCB29851B64000D4868 /* AQILevels.swift */,
				A24A2BCD29851B64000D4868 /* Co2Level.swift */,
				A24A2BCF29851B64000D4868 /* HumidityLevel.swift */,
				A24A2BCE29851B64000D4868 /* PmLevel.swift */,
				A24A2BD029851B64000D4868 /* TemperatureLevel.swift */,
				A24A2BCC29851B64000D4868 /* VocLevel.swift */,
			);
			path = LevelsData;
			sourceTree = "<group>";
		};
		A291B421298440B400322E32 /* Dashboard */ = {
			isa = PBXGroup;
			children = (
				A2C2CDB429852CC700EFAD1C /* DashboardViewModel.swift */,
				A291B451298441F900322E32 /* ValueInformation.swift */,
				A291B41F298440B400322E32 /* DashboardInteractor.swift */,
				A291B422298440B400322E32 /* Extensions */,
				A291B427298440B400322E32 /* Views */,
				A291B42D298440B400322E32 /* Protocols */,
			);
			path = Dashboard;
			sourceTree = "<group>";
		};
		A291B422298440B400322E32 /* Extensions */ = {
			isa = PBXGroup;
			children = (
				A24A2BC529851B46000D4868 /* AQIColor.swift */,
				A24A2BC629851B46000D4868 /* GasPmColors.swift */,
				A24A2BC729851B46000D4868 /* HumidityTemperatureColor.swift */,
			);
			path = Extensions;
			sourceTree = "<group>";
		};
		A291B427298440B400322E32 /* Views */ = {
			isa = PBXGroup;
			children = (
				A291B4A82985165B00322E32 /* DashboardView.swift */,
				A291B417298440B400322E32 /* AQIView.swift */,
				A291B428298440B400322E32 /* DashboardView.swift */,
				A291B429298440B400322E32 /* Subviews */,
			);
			path = Views;
			sourceTree = "<group>";
		};
		A291B429298440B400322E32 /* Subviews */ = {
			isa = PBXGroup;
			children = (
				A24A2BC329851AC8000D4868 /* CircularView.swift */,
				A24A2BDB29851BBC000D4868 /* GasPmValuesView.swift */,
				A291B4BC298519A000322E32 /* WeatherValuesView.swift */,
			);
			path = Subviews;
			sourceTree = "<group>";
		};
		A291B42D298440B400322E32 /* Protocols */ = {
			isa = PBXGroup;
			children = (
				A24A2BD829851B85000D4868 /* PmGasLevels.swift */,
				A24A2BD729851B85000D4868 /* TempHumidityLevels.swift */,
			);
			path = Protocols;
			sourceTree = "<group>";
		};
		A291B434298440B400322E32 /* SignUp */ = {
			isa = PBXGroup;
			children = (
				A291B431298440B400322E32 /* SignUp.swift */,
				A291B4C029851A0900322E32 /* SignUpView.swift */,
			);
			path = SignUp;
			sourceTree = "<group>";
		};
		A291B436298440B400322E32 /* Authentication */ = {
			isa = PBXGroup;
			children = (
				A291B4C629851A2100322E32 /* SignInView.swift */,
				A291B4C229851A1700322E32 /* PasswordResetView.swift */,
				A291B4C329851A1700322E32 /* SessionManager.swift */,
				A291B434298440B400322E32 /* SignUp */,
				A291B44B2984416100322E32 /* SessionManager.swift */,
				A291B437298440B400322E32 /* SignIn-UpElements */,
				A291B43F298440B400322E32 /* VerifyResetCredentials */,
			);
			path = Authentication;
			sourceTree = "<group>";
		};
		A291B437298440B400322E32 /* SignIn-UpElements */ = {
			isa = PBXGroup;
			children = (
				A2C2CDBE29852DEE00EFAD1C /* ActionButton.swift */,
				A2C2CDBB29852DEE00EFAD1C /* BackToLoginButton.swift */,
				A2C2CDC029852DEE00EFAD1C /* EmailFieldView.swift */,
				A2C2CDBD29852DEE00EFAD1C /* GoToSignUpView.swift */,
				A2C2CDBA29852DEE00EFAD1C /* LogoView.swift */,
				A2C2CDBF29852DEE00EFAD1C /* PasswordFieldView.swift */,
				A2C2CDBC29852DEE00EFAD1C /* PasswordResetButton.swift */,
			);
			path = "SignIn-UpElements";
			sourceTree = "<group>";
		};
		A291B43F298440B400322E32 /* VerifyResetCredentials */ = {
			isa = PBXGroup;
			children = (
				A2C2CDB729852D5B00EFAD1C /* PasswordResetViewModel.swift */,
				A2C2CDB629852D5B00EFAD1C /* VerifyEmailView.swift */,
			);
			path = VerifyResetCredentials;
			sourceTree = "<group>";
		};
		A291B455298441FB00322E32 /* PopupViews */ = {
			isa = PBXGroup;
			children = (
				A2C2CDB029852BAE00EFAD1C /* LoadingView.swift */,
			);
			path = PopupViews;
			sourceTree = "<group>";
		};
		A291B4592984420600322E32 /* Settings */ = {
			isa = PBXGroup;
			children = (
				A2C2CDB229852C2400EFAD1C /* SettingsViewModel.swift */,
				A291B45B2984420600322E32 /* UserSettings */,
				A291B4622984420600322E32 /* Views */,
			);
			name = Settings;
			path = Domain/Settings;
			sourceTree = "<group>";
		};
		A291B45B2984420600322E32 /* UserSettings */ = {
			isa = PBXGroup;
			children = (
				A291B48D2984424C00322E32 /* ChangePasswordView.swift */,
				A291B48B2984424C00322E32 /* DeleteAccountErrorMessage.swift */,
				A291B48E2984424C00322E32 /* DeleteAccountView.swift */,
				A291B48F2984424C00322E32 /* PasswordResetErrorMessageView.swift */,
				A291B4902984424C00322E32 /* UserSettingsInteractor.swift */,
				A291B48C2984424C00322E32 /* UserSettingsViewModel.swift */,
			);
			path = UserSettings;
			sourceTree = "<group>";
		};
		A291B4622984420600322E32 /* Views */ = {
			isa = PBXGroup;
			children = (
				A291B4972984425900322E32 /* SettingsView.swift */,
				A291B4642984420600322E32 /* Subviews */,
			);
			path = Views;
			sourceTree = "<group>";
		};
		A291B4642984420600322E32 /* Subviews */ = {
			isa = PBXGroup;
			children = (
				A291B49A2984426400322E32 /* AppInfoView.swift */,
				A291B49C2984426400322E32 /* DashboardSettingsView.swift */,
				A291B49B2984426400322E32 /* SettingsButton.swift */,
				A291B4992984426400322E32 /* UserSettingsView.swift */,
			);
			path = Subviews;
			sourceTree = "<group>";
		};
		A291B4A1298515DB00322E32 /* Frameworks */ = {
			isa = PBXGroup;
			children = (
			);
			name = Frameworks;
			sourceTree = "<group>";
		};
/* End PBXGroup section */

/* Begin PBXNativeTarget section */
		A282E08F298435EB00AEEC69 /* Air-quality-monitor */ = {
			isa = PBXNativeTarget;
			buildConfigurationList = A282E09F298435EC00AEEC69 /* Build configuration list for PBXNativeTarget "Air-quality-monitor" */;
			buildPhases = (
				A282E08C298435EB00AEEC69 /* Sources */,
				A282E08D298435EB00AEEC69 /* Frameworks */,
				A282E08E298435EB00AEEC69 /* Resources */,
			);
			buildRules = (
			);
			dependencies = (
			);
			name = "Air-quality-monitor";
			packageProductDependencies = (
				A282E0AD29843D6800AEEC69 /* FirebaseAuth */,
				A282E0AF29843D6800AEEC69 /* FirebaseAuthCombine-Community */,
				A282E0B129843D6800AEEC69 /* FirebaseDatabase */,
				A282E0B329843D6800AEEC69 /* FirebaseDatabaseSwift */,
				A282E0B529843D6800AEEC69 /* FirebaseFirestore */,
				A282E0B729843D6800AEEC69 /* FirebaseFirestoreSwift */,
				A291B4A2298515DB00322E32 /* Models */,
				A291B4A4298515DE00322E32 /* Networking */,
				A291B4A6298515E200322E32 /* UIComponents */,
			);
			productName = "Air-quality-monitor";
			productReference = A282E090298435EB00AEEC69 /* Air-quality-monitor.app */;
			productType = "com.apple.product-type.application";
		};
/* End PBXNativeTarget section */

/* Begin PBXProject section */
		A282E088298435EB00AEEC69 /* Project object */ = {
			isa = PBXProject;
			attributes = {
				BuildIndependentTargetsInParallel = 1;
				LastSwiftUpdateCheck = 1420;
				LastUpgradeCheck = 1420;
				TargetAttributes = {
					A282E08F298435EB00AEEC69 = {
						CreatedOnToolsVersion = 14.2;
					};
				};
			};
			buildConfigurationList = A282E08B298435EB00AEEC69 /* Build configuration list for PBXProject "Air-quality-monitor" */;
			compatibilityVersion = "Xcode 14.0";
			developmentRegion = en;
			hasScannedForEncodings = 0;
			knownRegions = (
				en,
				Base,
			);
			mainGroup = A282E087298435EB00AEEC69;
			packageReferences = (
				A282E0AC29843D6800AEEC69 /* XCRemoteSwiftPackageReference "firebase-ios-sdk" */,
			);
			productRefGroup = A282E091298435EB00AEEC69 /* Products */;
			projectDirPath = "";
			projectRoot = "";
			targets = (
				A282E08F298435EB00AEEC69 /* Air-quality-monitor */,
			);
		};
/* End PBXProject section */

/* Begin PBXResourcesBuildPhase section */
		A282E08E298435EB00AEEC69 /* Resources */ = {
			isa = PBXResourcesBuildPhase;
			buildActionMask = 2147483647;
			files = (
				A282E0A72984367400AEEC69 /* GoogleService-Info.plist in Resources */,
				A282E0A32984366100AEEC69 /* Assets.xcassets in Resources */,
				A282E09C298435EC00AEEC69 /* Preview Assets.xcassets in Resources */,
			);
			runOnlyForDeploymentPostprocessing = 0;
		};
/* End PBXResourcesBuildPhase section */

/* Begin PBXSourcesBuildPhase section */
		A282E08C298435EB00AEEC69 /* Sources */ = {
			isa = PBXSourcesBuildPhase;
			buildActionMask = 2147483647;
			files = (
				A291B49D2984426400322E32 /* UserSettingsView.swift in Sources */,
				A2C2CDB529852CC800EFAD1C /* DashboardViewModel.swift in Sources */,
				A24A2BDA29851B85000D4868 /* PmGasLevels.swift in Sources */,
				A2C2CDC329852DEE00EFAD1C /* PasswordResetButton.swift in Sources */,
				A2C2CDB829852D5B00EFAD1C /* VerifyEmailView.swift in Sources */,
				A291B4A92985165B00322E32 /* DashboardView.swift in Sources */,
				A291B450298441F400322E32 /* HeaderView.swift in Sources */,
				A291B454298441F900322E32 /* ValueInformation.swift in Sources */,
				A2C2CDB929852D5B00EFAD1C /* PasswordResetViewModel.swift in Sources */,
				A291B4912984424C00322E32 /* DeleteAccountErrorMessage.swift in Sources */,
				A291B4922984424C00322E32 /* UserSettingsViewModel.swift in Sources */,
				A2C2CDC229852DEE00EFAD1C /* BackToLoginButton.swift in Sources */,
				A24A2BCA29851B46000D4868 /* HumidityTemperatureColor.swift in Sources */,
				A291B4A02984426400322E32 /* DashboardSettingsView.swift in Sources */,
				A291B4C729851A2100322E32 /* SignInView.swift in Sources */,
				A291B446298440B400322E32 /* DashboardInteractor.swift in Sources */,
				A282E0AB2984382300AEEC69 /* Air_quality_monitorApp.swift in Sources */,
				A291B4932984424C00322E32 /* ChangePasswordView.swift in Sources */,
				A24A2BC829851B46000D4868 /* AQIColor.swift in Sources */,
				A2C2CDC629852DEE00EFAD1C /* PasswordFieldView.swift in Sources */,
				A24A2BD529851B65000D4868 /* HumidityLevel.swift in Sources */,
				A291B49E2984426400322E32 /* AppInfoView.swift in Sources */,
				A291B4C429851A1700322E32 /* PasswordResetView.swift in Sources */,
				A291B4C129851A0900322E32 /* SignUpView.swift in Sources */,
				A291B4BF298519D400322E32 /* ContentView.swift in Sources */,
				A291B443298440B400322E32 /* SignUp.swift in Sources */,
				A291B453298441F900322E32 /* ViewRouter.swift in Sources */,
				A2C2CDC729852DEE00EFAD1C /* EmailFieldView.swift in Sources */,
				A24A2BDC29851BBC000D4868 /* GasPmValuesView.swift in Sources */,
				A291B4962984424C00322E32 /* UserSettingsInteractor.swift in Sources */,
				A24A2BD929851B85000D4868 /* TempHumidityLevels.swift in Sources */,
				A291B4C529851A1700322E32 /* SessionManager.swift in Sources */,
				A24A2BD229851B65000D4868 /* VocLevel.swift in Sources */,
				A24A2BD429851B65000D4868 /* PmLevel.swift in Sources */,
				A24A2BD329851B65000D4868 /* Co2Level.swift in Sources */,
				A2C2CDB129852BAE00EFAD1C /* LoadingView.swift in Sources */,
				A24A2BD129851B65000D4868 /* AQILevels.swift in Sources */,
				A291B444298440B400322E32 /* AQIView.swift in Sources */,
				A291B44C2984416100322E32 /* SessionManager.swift in Sources */,
				A291B4952984424C00322E32 /* PasswordResetErrorMessageView.swift in Sources */,
				A291B4942984424C00322E32 /* DeleteAccountView.swift in Sources */,
				A291B4BD298519A000322E32 /* WeatherValuesView.swift in Sources */,
				A2C2CDC529852DEE00EFAD1C /* ActionButton.swift in Sources */,
				A2C2CDC429852DEE00EFAD1C /* GoToSignUpView.swift in Sources */,
				A291B49F2984426400322E32 /* SettingsButton.swift in Sources */,
				A291B4982984425900322E32 /* SettingsView.swift in Sources */,
				A24A2BD629851B65000D4868 /* TemperatureLevel.swift in Sources */,
				A24A2BC429851AC8000D4868 /* CircularView.swift in Sources */,
				A24A2BC929851B46000D4868 /* GasPmColors.swift in Sources */,
				A2C2CDB329852C2400EFAD1C /* SettingsViewModel.swift in Sources */,
				A2C2CDC129852DEE00EFAD1C /* LogoView.swift in Sources */,
			);
			runOnlyForDeploymentPostprocessing = 0;
		};
/* End PBXSourcesBuildPhase section */

/* Begin XCBuildConfiguration section */
		A282E09D298435EC00AEEC69 /* Debug */ = {
			isa = XCBuildConfiguration;
			buildSettings = {
				ALWAYS_SEARCH_USER_PATHS = NO;
				CLANG_ANALYZER_NONNULL = YES;
				CLANG_ANALYZER_NUMBER_OBJECT_CONVERSION = YES_AGGRESSIVE;
				CLANG_CXX_LANGUAGE_STANDARD = "gnu++20";
				CLANG_ENABLE_MODULES = YES;
				CLANG_ENABLE_OBJC_ARC = YES;
				CLANG_ENABLE_OBJC_WEAK = YES;
				CLANG_WARN_BLOCK_CAPTURE_AUTORELEASING = YES;
				CLANG_WARN_BOOL_CONVERSION = YES;
				CLANG_WARN_COMMA = YES;
				CLANG_WARN_CONSTANT_CONVERSION = YES;
				CLANG_WARN_DEPRECATED_OBJC_IMPLEMENTATIONS = YES;
				CLANG_WARN_DIRECT_OBJC_ISA_USAGE = YES_ERROR;
				CLANG_WARN_DOCUMENTATION_COMMENTS = YES;
				CLANG_WARN_EMPTY_BODY = YES;
				CLANG_WARN_ENUM_CONVERSION = YES;
				CLANG_WARN_INFINITE_RECURSION = YES;
				CLANG_WARN_INT_CONVERSION = YES;
				CLANG_WARN_NON_LITERAL_NULL_CONVERSION = YES;
				CLANG_WARN_OBJC_IMPLICIT_RETAIN_SELF = YES;
				CLANG_WARN_OBJC_LITERAL_CONVERSION = YES;
				CLANG_WARN_OBJC_ROOT_CLASS = YES_ERROR;
				CLANG_WARN_QUOTED_INCLUDE_IN_FRAMEWORK_HEADER = YES;
				CLANG_WARN_RANGE_LOOP_ANALYSIS = YES;
				CLANG_WARN_STRICT_PROTOTYPES = YES;
				CLANG_WARN_SUSPICIOUS_MOVE = YES;
				CLANG_WARN_UNGUARDED_AVAILABILITY = YES_AGGRESSIVE;
				CLANG_WARN_UNREACHABLE_CODE = YES;
				CLANG_WARN__DUPLICATE_METHOD_MATCH = YES;
				COPY_PHASE_STRIP = NO;
				DEBUG_INFORMATION_FORMAT = dwarf;
				ENABLE_STRICT_OBJC_MSGSEND = YES;
				ENABLE_TESTABILITY = YES;
				GCC_C_LANGUAGE_STANDARD = gnu11;
				GCC_DYNAMIC_NO_PIC = NO;
				GCC_NO_COMMON_BLOCKS = YES;
				GCC_OPTIMIZATION_LEVEL = 0;
				GCC_PREPROCESSOR_DEFINITIONS = (
					"DEBUG=1",
					"$(inherited)",
				);
				GCC_WARN_64_TO_32_BIT_CONVERSION = YES;
				GCC_WARN_ABOUT_RETURN_TYPE = YES_ERROR;
				GCC_WARN_UNDECLARED_SELECTOR = YES;
				GCC_WARN_UNINITIALIZED_AUTOS = YES_AGGRESSIVE;
				GCC_WARN_UNUSED_FUNCTION = YES;
				GCC_WARN_UNUSED_VARIABLE = YES;
				MTL_ENABLE_DEBUG_INFO = INCLUDE_SOURCE;
				MTL_FAST_MATH = YES;
				ONLY_ACTIVE_ARCH = YES;
				SWIFT_ACTIVE_COMPILATION_CONDITIONS = DEBUG;
				SWIFT_OPTIMIZATION_LEVEL = "-Onone";
			};
			name = Debug;
		};
		A282E09E298435EC00AEEC69 /* Release */ = {
			isa = XCBuildConfiguration;
			buildSettings = {
				ALWAYS_SEARCH_USER_PATHS = NO;
				CLANG_ANALYZER_NONNULL = YES;
				CLANG_ANALYZER_NUMBER_OBJECT_CONVERSION = YES_AGGRESSIVE;
				CLANG_CXX_LANGUAGE_STANDARD = "gnu++20";
				CLANG_ENABLE_MODULES = YES;
				CLANG_ENABLE_OBJC_ARC = YES;
				CLANG_ENABLE_OBJC_WEAK = YES;
				CLANG_WARN_BLOCK_CAPTURE_AUTORELEASING = YES;
				CLANG_WARN_BOOL_CONVERSION = YES;
				CLANG_WARN_COMMA = YES;
				CLANG_WARN_CONSTANT_CONVERSION = YES;
				CLANG_WARN_DEPRECATED_OBJC_IMPLEMENTATIONS = YES;
				CLANG_WARN_DIRECT_OBJC_ISA_USAGE = YES_ERROR;
				CLANG_WARN_DOCUMENTATION_COMMENTS = YES;
				CLANG_WARN_EMPTY_BODY = YES;
				CLANG_WARN_ENUM_CONVERSION = YES;
				CLANG_WARN_INFINITE_RECURSION = YES;
				CLANG_WARN_INT_CONVERSION = YES;
				CLANG_WARN_NON_LITERAL_NULL_CONVERSION = YES;
				CLANG_WARN_OBJC_IMPLICIT_RETAIN_SELF = YES;
				CLANG_WARN_OBJC_LITERAL_CONVERSION = YES;
				CLANG_WARN_OBJC_ROOT_CLASS = YES_ERROR;
				CLANG_WARN_QUOTED_INCLUDE_IN_FRAMEWORK_HEADER = YES;
				CLANG_WARN_RANGE_LOOP_ANALYSIS = YES;
				CLANG_WARN_STRICT_PROTOTYPES = YES;
				CLANG_WARN_SUSPICIOUS_MOVE = YES;
				CLANG_WARN_UNGUARDED_AVAILABILITY = YES_AGGRESSIVE;
				CLANG_WARN_UNREACHABLE_CODE = YES;
				CLANG_WARN__DUPLICATE_METHOD_MATCH = YES;
				COPY_PHASE_STRIP = NO;
				DEBUG_INFORMATION_FORMAT = "dwarf-with-dsym";
				ENABLE_NS_ASSERTIONS = NO;
				ENABLE_STRICT_OBJC_MSGSEND = YES;
				GCC_C_LANGUAGE_STANDARD = gnu11;
				GCC_NO_COMMON_BLOCKS = YES;
				GCC_WARN_64_TO_32_BIT_CONVERSION = YES;
				GCC_WARN_ABOUT_RETURN_TYPE = YES_ERROR;
				GCC_WARN_UNDECLARED_SELECTOR = YES;
				GCC_WARN_UNINITIALIZED_AUTOS = YES_AGGRESSIVE;
				GCC_WARN_UNUSED_FUNCTION = YES;
				GCC_WARN_UNUSED_VARIABLE = YES;
				MTL_ENABLE_DEBUG_INFO = NO;
				MTL_FAST_MATH = YES;
				SWIFT_COMPILATION_MODE = wholemodule;
				SWIFT_OPTIMIZATION_LEVEL = "-O";
			};
			name = Release;
		};
		A282E0A0298435EC00AEEC69 /* Debug */ = {
			isa = XCBuildConfiguration;
			buildSettings = {
				ASSETCATALOG_COMPILER_APPICON_NAME = AppIcon;
				ASSETCATALOG_COMPILER_GLOBAL_ACCENT_COLOR_NAME = AccentColor;
				CODE_SIGN_ENTITLEMENTS = "Air-quality-monitor/Air_quality_monitor.entitlements";
				CODE_SIGN_STYLE = Automatic;
				CURRENT_PROJECT_VERSION = 1;
				DEVELOPMENT_ASSET_PATHS = "\"Air-quality-monitor/Preview Content\"";
				DEVELOPMENT_TEAM = 2588CFNS2Y;
				ENABLE_HARDENED_RUNTIME = YES;
				ENABLE_PREVIEWS = YES;
				GENERATE_INFOPLIST_FILE = YES;
				"INFOPLIST_KEY_UIApplicationSceneManifest_Generation[sdk=iphoneos*]" = YES;
				"INFOPLIST_KEY_UIApplicationSceneManifest_Generation[sdk=iphonesimulator*]" = YES;
				"INFOPLIST_KEY_UIApplicationSupportsIndirectInputEvents[sdk=iphoneos*]" = YES;
				"INFOPLIST_KEY_UIApplicationSupportsIndirectInputEvents[sdk=iphonesimulator*]" = YES;
				"INFOPLIST_KEY_UILaunchScreen_Generation[sdk=iphoneos*]" = YES;
				"INFOPLIST_KEY_UILaunchScreen_Generation[sdk=iphonesimulator*]" = YES;
				"INFOPLIST_KEY_UIStatusBarStyle[sdk=iphoneos*]" = UIStatusBarStyleDefault;
				"INFOPLIST_KEY_UIStatusBarStyle[sdk=iphonesimulator*]" = UIStatusBarStyleDefault;
				INFOPLIST_KEY_UISupportedInterfaceOrientations_iPad = "UIInterfaceOrientationPortrait UIInterfaceOrientationPortraitUpsideDown UIInterfaceOrientationLandscapeLeft UIInterfaceOrientationLandscapeRight";
				INFOPLIST_KEY_UISupportedInterfaceOrientations_iPhone = "UIInterfaceOrientationPortrait UIInterfaceOrientationLandscapeLeft UIInterfaceOrientationLandscapeRight";
				IPHONEOS_DEPLOYMENT_TARGET = 16.2;
				LD_RUNPATH_SEARCH_PATHS = "@executable_path/Frameworks";
				"LD_RUNPATH_SEARCH_PATHS[sdk=macosx*]" = "@executable_path/../Frameworks";
				MACOSX_DEPLOYMENT_TARGET = 13.1;
				MARKETING_VERSION = 1.0;
				PRODUCT_BUNDLE_IDENTIFIER = "Pietro-Ballarin.Air-quality-monitor";
				PRODUCT_NAME = "$(TARGET_NAME)";
				SDKROOT = auto;
				SUPPORTED_PLATFORMS = "iphoneos iphonesimulator macosx";
				SWIFT_EMIT_LOC_STRINGS = YES;
				SWIFT_VERSION = 5.0;
				TARGETED_DEVICE_FAMILY = "1,2";
			};
			name = Debug;
		};
		A282E0A1298435EC00AEEC69 /* Release */ = {
			isa = XCBuildConfiguration;
			buildSettings = {
				ASSETCATALOG_COMPILER_APPICON_NAME = AppIcon;
				ASSETCATALOG_COMPILER_GLOBAL_ACCENT_COLOR_NAME = AccentColor;
				CODE_SIGN_ENTITLEMENTS = "Air-quality-monitor/Air_quality_monitor.entitlements";
				CODE_SIGN_STYLE = Automatic;
				CURRENT_PROJECT_VERSION = 1;
				DEVELOPMENT_ASSET_PATHS = "\"Air-quality-monitor/Preview Content\"";
				DEVELOPMENT_TEAM = 2588CFNS2Y;
				ENABLE_HARDENED_RUNTIME = YES;
				ENABLE_PREVIEWS = YES;
				GENERATE_INFOPLIST_FILE = YES;
				"INFOPLIST_KEY_UIApplicationSceneManifest_Generation[sdk=iphoneos*]" = YES;
				"INFOPLIST_KEY_UIApplicationSceneManifest_Generation[sdk=iphonesimulator*]" = YES;
				"INFOPLIST_KEY_UIApplicationSupportsIndirectInputEvents[sdk=iphoneos*]" = YES;
				"INFOPLIST_KEY_UIApplicationSupportsIndirectInputEvents[sdk=iphonesimulator*]" = YES;
				"INFOPLIST_KEY_UILaunchScreen_Generation[sdk=iphoneos*]" = YES;
				"INFOPLIST_KEY_UILaunchScreen_Generation[sdk=iphonesimulator*]" = YES;
				"INFOPLIST_KEY_UIStatusBarStyle[sdk=iphoneos*]" = UIStatusBarStyleDefault;
				"INFOPLIST_KEY_UIStatusBarStyle[sdk=iphonesimulator*]" = UIStatusBarStyleDefault;
				INFOPLIST_KEY_UISupportedInterfaceOrientations_iPad = "UIInterfaceOrientationPortrait UIInterfaceOrientationPortraitUpsideDown UIInterfaceOrientationLandscapeLeft UIInterfaceOrientationLandscapeRight";
				INFOPLIST_KEY_UISupportedInterfaceOrientations_iPhone = "UIInterfaceOrientationPortrait UIInterfaceOrientationLandscapeLeft UIInterfaceOrientationLandscapeRight";
				IPHONEOS_DEPLOYMENT_TARGET = 16.2;
				LD_RUNPATH_SEARCH_PATHS = "@executable_path/Frameworks";
				"LD_RUNPATH_SEARCH_PATHS[sdk=macosx*]" = "@executable_path/../Frameworks";
				MACOSX_DEPLOYMENT_TARGET = 13.1;
				MARKETING_VERSION = 1.0;
				PRODUCT_BUNDLE_IDENTIFIER = "Pietro-Ballarin.Air-quality-monitor";
				PRODUCT_NAME = "$(TARGET_NAME)";
				SDKROOT = auto;
				SUPPORTED_PLATFORMS = "iphoneos iphonesimulator macosx";
				SWIFT_EMIT_LOC_STRINGS = YES;
				SWIFT_VERSION = 5.0;
				TARGETED_DEVICE_FAMILY = "1,2";
			};
			name = Release;
		};
/* End XCBuildConfiguration section */

/* Begin XCConfigurationList section */
		A282E08B298435EB00AEEC69 /* Build configuration list for PBXProject "Air-quality-monitor" */ = {
			isa = XCConfigurationList;
			buildConfigurations = (
				A282E09D298435EC00AEEC69 /* Debug */,
				A282E09E298435EC00AEEC69 /* Release */,
			);
			defaultConfigurationIsVisible = 0;
			defaultConfigurationName = Release;
		};
		A282E09F298435EC00AEEC69 /* Build configuration list for PBXNativeTarget "Air-quality-monitor" */ = {
			isa = XCConfigurationList;
			buildConfigurations = (
				A282E0A0298435EC00AEEC69 /* Debug */,
				A282E0A1298435EC00AEEC69 /* Release */,
			);
			defaultConfigurationIsVisible = 0;
			defaultConfigurationName = Release;
		};
/* End XCConfigurationList section */

/* Begin XCRemoteSwiftPackageReference section */
		A282E0AC29843D6800AEEC69 /* XCRemoteSwiftPackageReference "firebase-ios-sdk" */ = {
			isa = XCRemoteSwiftPackageReference;
			repositoryURL = "https://github.com/firebase/firebase-ios-sdk";
			requirement = {
				branch = master;
				kind = branch;
			};
		};
/* End XCRemoteSwiftPackageReference section */

/* Begin XCSwiftPackageProductDependency section */
		A282E0AD29843D6800AEEC69 /* FirebaseAuth */ = {
			isa = XCSwiftPackageProductDependency;
			package = A282E0AC29843D6800AEEC69 /* XCRemoteSwiftPackageReference "firebase-ios-sdk" */;
			productName = FirebaseAuth;
		};
		A282E0AF29843D6800AEEC69 /* FirebaseAuthCombine-Community */ = {
			isa = XCSwiftPackageProductDependency;
			package = A282E0AC29843D6800AEEC69 /* XCRemoteSwiftPackageReference "firebase-ios-sdk" */;
			productName = "FirebaseAuthCombine-Community";
		};
		A282E0B129843D6800AEEC69 /* FirebaseDatabase */ = {
			isa = XCSwiftPackageProductDependency;
			package = A282E0AC29843D6800AEEC69 /* XCRemoteSwiftPackageReference "firebase-ios-sdk" */;
			productName = FirebaseDatabase;
		};
		A282E0B329843D6800AEEC69 /* FirebaseDatabaseSwift */ = {
			isa = XCSwiftPackageProductDependency;
			package = A282E0AC29843D6800AEEC69 /* XCRemoteSwiftPackageReference "firebase-ios-sdk" */;
			productName = FirebaseDatabaseSwift;
		};
		A282E0B529843D6800AEEC69 /* FirebaseFirestore */ = {
			isa = XCSwiftPackageProductDependency;
			package = A282E0AC29843D6800AEEC69 /* XCRemoteSwiftPackageReference "firebase-ios-sdk" */;
			productName = FirebaseFirestore;
		};
		A282E0B729843D6800AEEC69 /* FirebaseFirestoreSwift */ = {
			isa = XCSwiftPackageProductDependency;
			package = A282E0AC29843D6800AEEC69 /* XCRemoteSwiftPackageReference "firebase-ios-sdk" */;
			productName = FirebaseFirestoreSwift;
		};
		A291B4A2298515DB00322E32 /* Models */ = {
			isa = XCSwiftPackageProductDependency;
			productName = Models;
		};
		A291B4A4298515DE00322E32 /* Networking */ = {
			isa = XCSwiftPackageProductDependency;
			productName = Networking;
		};
		A291B4A6298515E200322E32 /* UIComponents */ = {
			isa = XCSwiftPackageProductDependency;
			productName = UIComponents;
		};
/* End XCSwiftPackageProductDependency section */
	};
	rootObject = A282E088298435EB00AEEC69 /* Project object */;
}
